
Microsoft Visual Studio Solution File, Format Version 12.00
# Visual Studio Version 16
VisualStudioVersion = 16.0.28922.388
MinimumVisualStudioVersion = 10.0.40219.1
Project("{FAE04EC0-301F-11D3-BF4B-00C04F79EFBC}") = "MVCWEB", "MVCWEB\MVCWEB.csproj", "{222AD33F-6AC9-42C5-A3A0-D5C6C61B07B7}"
EndProject
Global
	GlobalSection(SolutionConfigurationPlatforms) = preSolution
		Debug|Any CPU = Debug|Any CPU
		Release|Any CPU = Release|Any CPU
	EndGlobalSection
	GlobalSection(ProjectConfigurationPlatforms) = postSolution
		{222AD33F-6AC9-42C5-A3A0-D5C6C61B07B7}.Debug|Any CPU.ActiveCfg = Debug|Any CPU
		{222AD33F-6AC9-42C5-A3A0-D5C6C61B07B7}.Debug|Any CPU.Build.0 = Debug|Any CPU
		{222AD33F-6AC9-42C5-A3A0-D5C6C61B07B7}.Release|Any CPU.ActiveCfg = Release|Any CPU
		{222AD33F-6AC9-42C5-A3A0-D5C6C61B07B7}.Release|Any CPU.Build.0 = Release|Any CPU
	EndGlobalSection
	GlobalSection(SolutionProperties) = preSolution
		HideSolutionNode = FALSE
	EndGlobalSection
	GlobalSection(ExtensibilityGlobals) = postSolution
		SolutionGuid = {E392C785-E408-4C20-97AF-D55B4D719533}
	EndGlobalSection
EndGlobal
